
Microsoft Visual Studio Solution File, Format Version 12.00
# Visual Studio Version 16
VisualStudioVersion = 16.0.29509.3
MinimumVisualStudioVersion = 10.0.40219.1
Project("{FAE04EC0-301F-11D3-BF4B-00C04F79EFBC}") = "01 VoidMethodWithoutAwaits", "01 VoidMethodWithoutAwaits\01 VoidMethodWithoutAwaits.csproj", "{FC3C9EF9-1019-4FBF-989B-231F0F7CFC2E}"
EndProject
Global
	GlobalSection(SolutionConfigurationPlatforms) = preSolution
		Debug|Any CPU = Debug|Any CPU
		Release|Any CPU = Release|Any CPU
	EndGlobalSection
	GlobalSection(ProjectConfigurationPlatforms) = postSolution
		{FC3C9EF9-1019-4FBF-989B-231F0F7CFC2E}.Debug|Any CPU.ActiveCfg = Debug|Any CPU
		{FC3C9EF9-1019-4FBF-989B-231F0F7CFC2E}.Debug|Any CPU.Build.0 = Debug|Any CPU
		{FC3C9EF9-1019-4FBF-989B-231F0F7CFC2E}.Release|Any CPU.ActiveCfg = Release|Any CPU
		{FC3C9EF9-1019-4FBF-989B-231F0F7CFC2E}.Release|Any CPU.Build.0 = Release|Any CPU
	EndGlobalSection
	GlobalSection(SolutionProperties) = preSolution
		HideSolutionNode = FALSE
	EndGlobalSection
	GlobalSection(ExtensibilityGlobals) = postSolution
		SolutionGuid = {EDBAE0BD-A300-4B8E-A59C-A8684AF01EB7}
	EndGlobalSection
EndGlobal
